// !$*UTF8*$!
{
	archiveVersion = 1;
	classes = {
	};
	objectVersion = 56;
	objects = {

/* Begin PBXBuildFile section */
		94C397DF2BC741710064A937 /* GeoStreamApp.swift in Sources */ = {isa = PBXBuildFile; fileRef = 94C397DE2BC741710064A937 /* GeoStreamApp.swift */; };
		94C397E12BC741710064A937 /* ContentView.swift in Sources */ = {isa = PBXBuildFile; fileRef = 94C397E02BC741710064A937 /* ContentView.swift */; };
		94C397E32BC741720064A937 /* Assets.xcassets in Resources */ = {isa = PBXBuildFile; fileRef = 94C397E22BC741720064A937 /* Assets.xcassets */; };
		94C397E62BC741720064A937 /* Preview Assets.xcassets in Resources */ = {isa = PBXBuildFile; fileRef = 94C397E52BC741720064A937 /* Preview Assets.xcassets */; };
		94C397F02BC741720064A937 /* GeoStreamTests.swift in Sources */ = {isa = PBXBuildFile; fileRef = 94C397EF2BC741720064A937 /* GeoStreamTests.swift */; };
		94C397FA2BC741720064A937 /* GeoStreamUITests.swift in Sources */ = {isa = PBXBuildFile; fileRef = 94C397F92BC741720064A937 /* GeoStreamUITests.swift */; };
		94C397FC2BC741720064A937 /* GeoStreamUITestsLaunchTests.swift in Sources */ = {isa = PBXBuildFile; fileRef = 94C397FB2BC741720064A937 /* GeoStreamUITestsLaunchTests.swift */; };
		94F73E492BDF041000EAEB78 /* GoogleService-Info.plist in Resources */ = {isa = PBXBuildFile; fileRef = 94F73E482BDF041000EAEB78 /* GoogleService-Info.plist */; };
		94F73E4B2BDF045F00EAEB78 /* FirebaseAuth in Frameworks */ = {isa = PBXBuildFile; productRef = 94F73E4A2BDF045F00EAEB78 /* FirebaseAuth */; };
		94F73E4D2BDF045F00EAEB78 /* FirebaseFirestore in Frameworks */ = {isa = PBXBuildFile; productRef = 94F73E4C2BDF045F00EAEB78 /* FirebaseFirestore */; };
		94F73E4F2BDF045F00EAEB78 /* FirebaseMessaging in Frameworks */ = {isa = PBXBuildFile; productRef = 94F73E4E2BDF045F00EAEB78 /* FirebaseMessaging */; };
		94F73E512BDF045F00EAEB78 /* FirebaseStorage in Frameworks */ = {isa = PBXBuildFile; productRef = 94F73E502BDF045F00EAEB78 /* FirebaseStorage */; };
		C914F3432BE2714400B26DE2 /* HomeViewTemp.swift in Sources */ = {isa = PBXBuildFile; fileRef = C914F3422BE2714400B26DE2 /* HomeViewTemp.swift */; };
		C914F3452BE271E600B26DE2 /* SignUpViewModel.swift in Sources */ = {isa = PBXBuildFile; fileRef = C914F3442BE271E600B26DE2 /* SignUpViewModel.swift */; };
		C914F3492BE2734900B26DE2 /* SignUpView.swift in Sources */ = {isa = PBXBuildFile; fileRef = C914F3482BE2734900B26DE2 /* SignUpView.swift */; };
		C914F3502BE2879600B26DE2 /* GeoFire in Frameworks */ = {isa = PBXBuildFile; productRef = C914F34F2BE2879600B26DE2 /* GeoFire */; };
		C914F3522BE2879600B26DE2 /* GeoFireUtils in Frameworks */ = {isa = PBXBuildFile; productRef = C914F3512BE2879600B26DE2 /* GeoFireUtils */; };
		C914F3542BE2A89D00B26DE2 /* ForgotPasswordView.swift in Sources */ = {isa = PBXBuildFile; fileRef = C914F3532BE2A89D00B26DE2 /* ForgotPasswordView.swift */; };
		C914F3562BE2A8BF00B26DE2 /* ForgotPasswordViewModel.swift in Sources */ = {isa = PBXBuildFile; fileRef = C914F3552BE2A8BF00B26DE2 /* ForgotPasswordViewModel.swift */; };
		C914F3582BE2ACF800B26DE2 /* CustomTextField.swift in Sources */ = {isa = PBXBuildFile; fileRef = C914F3572BE2ACF800B26DE2 /* CustomTextField.swift */; };
		C914F35C2BE2B3A300B26DE2 /* AppHeader.swift in Sources */ = {isa = PBXBuildFile; fileRef = C914F35B2BE2B3A300B26DE2 /* AppHeader.swift */; };
		C914F3602BE2B77F00B26DE2 /* Post.swift in Sources */ = {isa = PBXBuildFile; fileRef = C914F35F2BE2B77F00B26DE2 /* Post.swift */; };
		C914F3622BE2B79200B26DE2 /* User.swift in Sources */ = {isa = PBXBuildFile; fileRef = C914F3612BE2B79200B26DE2 /* User.swift */; };
		C99BF7122BE03D440057DB4C /* FirebaseAnalytics in Frameworks */ = {isa = PBXBuildFile; productRef = C99BF7112BE03D440057DB4C /* FirebaseAnalytics */; };
		C99BF7142BE03D440057DB4C /* FirebaseAnalyticsOnDeviceConversion in Frameworks */ = {isa = PBXBuildFile; productRef = C99BF7132BE03D440057DB4C /* FirebaseAnalyticsOnDeviceConversion */; };
		C99BF7162BE03D440057DB4C /* FirebaseAnalyticsSwift in Frameworks */ = {isa = PBXBuildFile; productRef = C99BF7152BE03D440057DB4C /* FirebaseAnalyticsSwift */; };
		C99BF7182BE03D440057DB4C /* FirebaseAnalyticsWithoutAdIdSupport in Frameworks */ = {isa = PBXBuildFile; productRef = C99BF7172BE03D440057DB4C /* FirebaseAnalyticsWithoutAdIdSupport */; };
		C99BF71A2BE03D440057DB4C /* FirebaseAppCheck in Frameworks */ = {isa = PBXBuildFile; productRef = C99BF7192BE03D440057DB4C /* FirebaseAppCheck */; };
		C99BF74A2BE1DC370057DB4C /* SignInView.swift in Sources */ = {isa = PBXBuildFile; fileRef = C99BF7492BE1DC370057DB4C /* SignInView.swift */; };
		C99BF7592BE2654D0057DB4C /* AuthService.swift in Sources */ = {isa = PBXBuildFile; fileRef = C99BF7582BE2654D0057DB4C /* AuthService.swift */; };
		C99BF75B2BE268D10057DB4C /* SignInViewModel.swift in Sources */ = {isa = PBXBuildFile; fileRef = C99BF75A2BE268D10057DB4C /* SignInViewModel.swift */; };
/* End PBXBuildFile section */

/* Begin PBXContainerItemProxy section */
		94C397EC2BC741720064A937 /* PBXContainerItemProxy */ = {
			isa = PBXContainerItemProxy;
			containerPortal = 94C397D32BC741710064A937 /* Project object */;
			proxyType = 1;
			remoteGlobalIDString = 94C397DA2BC741710064A937;
			remoteInfo = GeoStream;
		};
		94C397F62BC741720064A937 /* PBXContainerItemProxy */ = {
			isa = PBXContainerItemProxy;
			containerPortal = 94C397D32BC741710064A937 /* Project object */;
			proxyType = 1;
			remoteGlobalIDString = 94C397DA2BC741710064A937;
			remoteInfo = GeoStream;
		};
/* End PBXContainerItemProxy section */

/* Begin PBXFileReference section */
		94C397DB2BC741710064A937 /* GeoStream.app */ = {isa = PBXFileReference; explicitFileType = wrapper.application; includeInIndex = 0; path = GeoStream.app; sourceTree = BUILT_PRODUCTS_DIR; };
		94C397DE2BC741710064A937 /* GeoStreamApp.swift */ = {isa = PBXFileReference; lastKnownFileType = sourcecode.swift; path = GeoStreamApp.swift; sourceTree = "<group>"; };
		94C397E02BC741710064A937 /* ContentView.swift */ = {isa = PBXFileReference; lastKnownFileType = sourcecode.swift; path = ContentView.swift; sourceTree = "<group>"; };
		94C397E22BC741720064A937 /* Assets.xcassets */ = {isa = PBXFileReference; lastKnownFileType = folder.assetcatalog; path = Assets.xcassets; sourceTree = "<group>"; };
		94C397E52BC741720064A937 /* Preview Assets.xcassets */ = {isa = PBXFileReference; lastKnownFileType = folder.assetcatalog; path = "Preview Assets.xcassets"; sourceTree = "<group>"; };
		94C397EB2BC741720064A937 /* GeoStreamTests.xctest */ = {isa = PBXFileReference; explicitFileType = wrapper.cfbundle; includeInIndex = 0; path = GeoStreamTests.xctest; sourceTree = BUILT_PRODUCTS_DIR; };
		94C397EF2BC741720064A937 /* GeoStreamTests.swift */ = {isa = PBXFileReference; lastKnownFileType = sourcecode.swift; path = GeoStreamTests.swift; sourceTree = "<group>"; };
		94C397F52BC741720064A937 /* GeoStreamUITests.xctest */ = {isa = PBXFileReference; explicitFileType = wrapper.cfbundle; includeInIndex = 0; path = GeoStreamUITests.xctest; sourceTree = BUILT_PRODUCTS_DIR; };
		94C397F92BC741720064A937 /* GeoStreamUITests.swift */ = {isa = PBXFileReference; lastKnownFileType = sourcecode.swift; path = GeoStreamUITests.swift; sourceTree = "<group>"; };
		94C397FB2BC741720064A937 /* GeoStreamUITestsLaunchTests.swift */ = {isa = PBXFileReference; lastKnownFileType = sourcecode.swift; path = GeoStreamUITestsLaunchTests.swift; sourceTree = "<group>"; };
		94F73E482BDF041000EAEB78 /* GoogleService-Info.plist */ = {isa = PBXFileReference; fileEncoding = 4; lastKnownFileType = text.plist.xml; path = "GoogleService-Info.plist"; sourceTree = "<group>"; };
		C914F3422BE2714400B26DE2 /* HomeViewTemp.swift */ = {isa = PBXFileReference; lastKnownFileType = sourcecode.swift; path = HomeViewTemp.swift; sourceTree = "<group>"; };
		C914F3442BE271E600B26DE2 /* SignUpViewModel.swift */ = {isa = PBXFileReference; lastKnownFileType = sourcecode.swift; path = SignUpViewModel.swift; sourceTree = "<group>"; };
		C914F3482BE2734900B26DE2 /* SignUpView.swift */ = {isa = PBXFileReference; lastKnownFileType = sourcecode.swift; path = SignUpView.swift; sourceTree = "<group>"; };
		C914F3532BE2A89D00B26DE2 /* ForgotPasswordView.swift */ = {isa = PBXFileReference; lastKnownFileType = sourcecode.swift; path = ForgotPasswordView.swift; sourceTree = "<group>"; };
		C914F3552BE2A8BF00B26DE2 /* ForgotPasswordViewModel.swift */ = {isa = PBXFileReference; lastKnownFileType = sourcecode.swift; path = ForgotPasswordViewModel.swift; sourceTree = "<group>"; };
		C914F3572BE2ACF800B26DE2 /* CustomTextField.swift */ = {isa = PBXFileReference; lastKnownFileType = sourcecode.swift; path = CustomTextField.swift; sourceTree = "<group>"; };
		C914F35B2BE2B3A300B26DE2 /* AppHeader.swift */ = {isa = PBXFileReference; lastKnownFileType = sourcecode.swift; path = AppHeader.swift; sourceTree = "<group>"; };
		C914F35F2BE2B77F00B26DE2 /* Post.swift */ = {isa = PBXFileReference; lastKnownFileType = sourcecode.swift; path = Post.swift; sourceTree = "<group>"; };
		C914F3612BE2B79200B26DE2 /* User.swift */ = {isa = PBXFileReference; lastKnownFileType = sourcecode.swift; path = User.swift; sourceTree = "<group>"; };
		C99BF7492BE1DC370057DB4C /* SignInView.swift */ = {isa = PBXFileReference; lastKnownFileType = sourcecode.swift; path = SignInView.swift; sourceTree = "<group>"; };
		C99BF7582BE2654D0057DB4C /* AuthService.swift */ = {isa = PBXFileReference; lastKnownFileType = sourcecode.swift; path = AuthService.swift; sourceTree = "<group>"; };
		C99BF75A2BE268D10057DB4C /* SignInViewModel.swift */ = {isa = PBXFileReference; lastKnownFileType = sourcecode.swift; path = SignInViewModel.swift; sourceTree = "<group>"; };
/* End PBXFileReference section */

/* Begin PBXFrameworksBuildPhase section */
		94C397D82BC741710064A937 /* Frameworks */ = {
			isa = PBXFrameworksBuildPhase;
			buildActionMask = 2147483647;
			files = (
				94F73E4F2BDF045F00EAEB78 /* FirebaseMessaging in Frameworks */,
				C99BF7142BE03D440057DB4C /* FirebaseAnalyticsOnDeviceConversion in Frameworks */,
				94F73E512BDF045F00EAEB78 /* FirebaseStorage in Frameworks */,
				94F73E4B2BDF045F00EAEB78 /* FirebaseAuth in Frameworks */,
				C914F3502BE2879600B26DE2 /* GeoFire in Frameworks */,
				C99BF7162BE03D440057DB4C /* FirebaseAnalyticsSwift in Frameworks */,
				C99BF7122BE03D440057DB4C /* FirebaseAnalytics in Frameworks */,
				94F73E4D2BDF045F00EAEB78 /* FirebaseFirestore in Frameworks */,
				C914F3522BE2879600B26DE2 /* GeoFireUtils in Frameworks */,
				C99BF71A2BE03D440057DB4C /* FirebaseAppCheck in Frameworks */,
				C99BF7182BE03D440057DB4C /* FirebaseAnalyticsWithoutAdIdSupport in Frameworks */,
			);
			runOnlyForDeploymentPostprocessing = 0;
		};
		94C397E82BC741720064A937 /* Frameworks */ = {
			isa = PBXFrameworksBuildPhase;
			buildActionMask = 2147483647;
			files = (
			);
			runOnlyForDeploymentPostprocessing = 0;
		};
		94C397F22BC741720064A937 /* Frameworks */ = {
			isa = PBXFrameworksBuildPhase;
			buildActionMask = 2147483647;
			files = (
			);
			runOnlyForDeploymentPostprocessing = 0;
		};
/* End PBXFrameworksBuildPhase section */

/* Begin PBXGroup section */
		94C397D22BC741710064A937 = {
			isa = PBXGroup;
			children = (
				94F73E482BDF041000EAEB78 /* GoogleService-Info.plist */,
				94C397DD2BC741710064A937 /* GeoStream */,
				94C397EE2BC741720064A937 /* GeoStreamTests */,
				94C397F82BC741720064A937 /* GeoStreamUITests */,
				94C397DC2BC741710064A937 /* Products */,
			);
			sourceTree = "<group>";
		};
		94C397DC2BC741710064A937 /* Products */ = {
			isa = PBXGroup;
			children = (
				94C397DB2BC741710064A937 /* GeoStream.app */,
				94C397EB2BC741720064A937 /* GeoStreamTests.xctest */,
				94C397F52BC741720064A937 /* GeoStreamUITests.xctest */,
			);
			name = Products;
			sourceTree = "<group>";
		};
		94C397DD2BC741710064A937 /* GeoStream */ = {
			isa = PBXGroup;
			children = (
				94C397E42BC741720064A937 /* Preview Content */,
				94C397E22BC741720064A937 /* Assets.xcassets */,
				94C397E02BC741710064A937 /* ContentView.swift */,
				94C397DE2BC741710064A937 /* GeoStreamApp.swift */,
				C99BF7542BE256AB0057DB4C /* Model */,
				C99BF7572BE256BF0057DB4C /* Service */,
				C99BF7552BE256B00057DB4C /* View */,
				C99BF7562BE256B70057DB4C /* ViewModel */,
				C914F35E2BE2B63C00B26DE2 /* ViewUtil */,
			);
			path = GeoStream;
			sourceTree = "<group>";
		};
		94C397E42BC741720064A937 /* Preview Content */ = {
			isa = PBXGroup;
			children = (
				94C397E52BC741720064A937 /* Preview Assets.xcassets */,
			);
			path = "Preview Content";
			sourceTree = "<group>";
		};
		94C397EE2BC741720064A937 /* GeoStreamTests */ = {
			isa = PBXGroup;
			children = (
				94C397EF2BC741720064A937 /* GeoStreamTests.swift */,
			);
			path = GeoStreamTests;
			sourceTree = "<group>";
		};
		94C397F82BC741720064A937 /* GeoStreamUITests */ = {
			isa = PBXGroup;
			children = (
				94C397F92BC741720064A937 /* GeoStreamUITests.swift */,
				94C397FB2BC741720064A937 /* GeoStreamUITestsLaunchTests.swift */,
			);
			path = GeoStreamUITests;
			sourceTree = "<group>";
		};
		C914F35E2BE2B63C00B26DE2 /* ViewUtil */ = {
			isa = PBXGroup;
			children = (
				C914F35B2BE2B3A300B26DE2 /* AppHeader.swift */,
				C914F3572BE2ACF800B26DE2 /* CustomTextField.swift */,
			);
			path = ViewUtil;
			sourceTree = "<group>";
		};
		C99BF7542BE256AB0057DB4C /* Model */ = {
			isa = PBXGroup;
			children = (
				C914F35F2BE2B77F00B26DE2 /* Post.swift */,
				C914F3612BE2B79200B26DE2 /* User.swift */,
			);
			path = Model;
			sourceTree = "<group>";
		};
		C99BF7552BE256B00057DB4C /* View */ = {
			isa = PBXGroup;
			children = (
				C914F3532BE2A89D00B26DE2 /* ForgotPasswordView.swift */,
				C914F3422BE2714400B26DE2 /* HomeViewTemp.swift */,
				C99BF7492BE1DC370057DB4C /* SignInView.swift */,
				C914F3482BE2734900B26DE2 /* SignUpView.swift */,
			);
			path = View;
			sourceTree = "<group>";
		};
		C99BF7562BE256B70057DB4C /* ViewModel */ = {
			isa = PBXGroup;
			children = (
				C914F3552BE2A8BF00B26DE2 /* ForgotPasswordViewModel.swift */,
				C99BF75A2BE268D10057DB4C /* SignInViewModel.swift */,
				C914F3442BE271E600B26DE2 /* SignUpViewModel.swift */,
			);
			path = ViewModel;
			sourceTree = "<group>";
		};
		C99BF7572BE256BF0057DB4C /* Service */ = {
			isa = PBXGroup;
			children = (
				C99BF7582BE2654D0057DB4C /* AuthService.swift */,
			);
			path = Service;
			sourceTree = "<group>";
		};
/* End PBXGroup section */

/* Begin PBXNativeTarget section */
		94C397DA2BC741710064A937 /* GeoStream */ = {
			isa = PBXNativeTarget;
			buildConfigurationList = 94C397FF2BC741720064A937 /* Build configuration list for PBXNativeTarget "GeoStream" */;
			buildPhases = (
				94C397D72BC741710064A937 /* Sources */,
				94C397D82BC741710064A937 /* Frameworks */,
				94C397D92BC741710064A937 /* Resources */,
			);
			buildRules = (
			);
			dependencies = (
			);
			name = GeoStream;
			packageProductDependencies = (
				94F73E4A2BDF045F00EAEB78 /* FirebaseAuth */,
				94F73E4C2BDF045F00EAEB78 /* FirebaseFirestore */,
				94F73E4E2BDF045F00EAEB78 /* FirebaseMessaging */,
				94F73E502BDF045F00EAEB78 /* FirebaseStorage */,
				C99BF7112BE03D440057DB4C /* FirebaseAnalytics */,
				C99BF7132BE03D440057DB4C /* FirebaseAnalyticsOnDeviceConversion */,
				C99BF7152BE03D440057DB4C /* FirebaseAnalyticsSwift */,
				C99BF7172BE03D440057DB4C /* FirebaseAnalyticsWithoutAdIdSupport */,
				C99BF7192BE03D440057DB4C /* FirebaseAppCheck */,
				C914F34F2BE2879600B26DE2 /* GeoFire */,
				C914F3512BE2879600B26DE2 /* GeoFireUtils */,
			);
			productName = GeoStream;
			productReference = 94C397DB2BC741710064A937 /* GeoStream.app */;
			productType = "com.apple.product-type.application";
		};
		94C397EA2BC741720064A937 /* GeoStreamTests */ = {
			isa = PBXNativeTarget;
			buildConfigurationList = 94C398022BC741720064A937 /* Build configuration list for PBXNativeTarget "GeoStreamTests" */;
			buildPhases = (
				94C397E72BC741720064A937 /* Sources */,
				94C397E82BC741720064A937 /* Frameworks */,
				94C397E92BC741720064A937 /* Resources */,
			);
			buildRules = (
			);
			dependencies = (
				94C397ED2BC741720064A937 /* PBXTargetDependency */,
			);
			name = GeoStreamTests;
			productName = GeoStreamTests;
			productReference = 94C397EB2BC741720064A937 /* GeoStreamTests.xctest */;
			productType = "com.apple.product-type.bundle.unit-test";
		};
		94C397F42BC741720064A937 /* GeoStreamUITests */ = {
			isa = PBXNativeTarget;
			buildConfigurationList = 94C398052BC741720064A937 /* Build configuration list for PBXNativeTarget "GeoStreamUITests" */;
			buildPhases = (
				94C397F12BC741720064A937 /* Sources */,
				94C397F22BC741720064A937 /* Frameworks */,
				94C397F32BC741720064A937 /* Resources */,
			);
			buildRules = (
			);
			dependencies = (
				94C397F72BC741720064A937 /* PBXTargetDependency */,
			);
			name = GeoStreamUITests;
			productName = GeoStreamUITests;
			productReference = 94C397F52BC741720064A937 /* GeoStreamUITests.xctest */;
			productType = "com.apple.product-type.bundle.ui-testing";
		};
/* End PBXNativeTarget section */

/* Begin PBXProject section */
		94C397D32BC741710064A937 /* Project object */ = {
			isa = PBXProject;
			attributes = {
				BuildIndependentTargetsInParallel = 1;
				LastSwiftUpdateCheck = 1520;
				LastUpgradeCheck = 1520;
				TargetAttributes = {
					94C397DA2BC741710064A937 = {
						CreatedOnToolsVersion = 15.2;
					};
					94C397EA2BC741720064A937 = {
						CreatedOnToolsVersion = 15.2;
						TestTargetID = 94C397DA2BC741710064A937;
					};
					94C397F42BC741720064A937 = {
						CreatedOnToolsVersion = 15.2;
						TestTargetID = 94C397DA2BC741710064A937;
					};
				};
			};
			buildConfigurationList = 94C397D62BC741710064A937 /* Build configuration list for PBXProject "GeoStream" */;
			compatibilityVersion = "Xcode 14.0";
			developmentRegion = en;
			hasScannedForEncodings = 0;
			knownRegions = (
				en,
				Base,
			);
			mainGroup = 94C397D22BC741710064A937;
			packageReferences = (
				94F73E472BDF029F00EAEB78 /* XCRemoteSwiftPackageReference "firebase-ios-sdk" */,
				C914F34E2BE2879600B26DE2 /* XCRemoteSwiftPackageReference "geofire-objc" */,
			);
			productRefGroup = 94C397DC2BC741710064A937 /* Products */;
			projectDirPath = "";
			projectRoot = "";
			targets = (
				94C397DA2BC741710064A937 /* GeoStream */,
				94C397EA2BC741720064A937 /* GeoStreamTests */,
				94C397F42BC741720064A937 /* GeoStreamUITests */,
			);
		};
/* End PBXProject section */

/* Begin PBXResourcesBuildPhase section */
		94C397D92BC741710064A937 /* Resources */ = {
			isa = PBXResourcesBuildPhase;
			buildActionMask = 2147483647;
			files = (
				94C397E62BC741720064A937 /* Preview Assets.xcassets in Resources */,
				94C397E32BC741720064A937 /* Assets.xcassets in Resources */,
				94F73E492BDF041000EAEB78 /* GoogleService-Info.plist in Resources */,
			);
			runOnlyForDeploymentPostprocessing = 0;
		};
		94C397E92BC741720064A937 /* Resources */ = {
			isa = PBXResourcesBuildPhase;
			buildActionMask = 2147483647;
			files = (
			);
			runOnlyForDeploymentPostprocessing = 0;
		};
		94C397F32BC741720064A937 /* Resources */ = {
			isa = PBXResourcesBuildPhase;
			buildActionMask = 2147483647;
			files = (
			);
			runOnlyForDeploymentPostprocessing = 0;
		};
/* End PBXResourcesBuildPhase section */

/* Begin PBXSourcesBuildPhase section */
		94C397D72BC741710064A937 /* Sources */ = {
			isa = PBXSourcesBuildPhase;
			buildActionMask = 2147483647;
			files = (
				C914F3452BE271E600B26DE2 /* SignUpViewModel.swift in Sources */,
				C99BF74A2BE1DC370057DB4C /* SignInView.swift in Sources */,
				94C397E12BC741710064A937 /* ContentView.swift in Sources */,
				C914F3432BE2714400B26DE2 /* HomeViewTemp.swift in Sources */,
				C914F3602BE2B77F00B26DE2 /* Post.swift in Sources */,
				C914F3542BE2A89D00B26DE2 /* ForgotPasswordView.swift in Sources */,
				C914F3622BE2B79200B26DE2 /* User.swift in Sources */,
				C914F3582BE2ACF800B26DE2 /* CustomTextField.swift in Sources */,
				94C397DF2BC741710064A937 /* GeoStreamApp.swift in Sources */,
				C914F3562BE2A8BF00B26DE2 /* ForgotPasswordViewModel.swift in Sources */,
				C99BF7592BE2654D0057DB4C /* AuthService.swift in Sources */,
				C914F3492BE2734900B26DE2 /* SignUpView.swift in Sources */,
				C914F35C2BE2B3A300B26DE2 /* AppHeader.swift in Sources */,
				C99BF75B2BE268D10057DB4C /* SignInViewModel.swift in Sources */,
			);
			runOnlyForDeploymentPostprocessing = 0;
		};
		94C397E72BC741720064A937 /* Sources */ = {
			isa = PBXSourcesBuildPhase;
			buildActionMask = 2147483647;
			files = (
				94C397F02BC741720064A937 /* GeoStreamTests.swift in Sources */,
			);
			runOnlyForDeploymentPostprocessing = 0;
		};
		94C397F12BC741720064A937 /* Sources */ = {
			isa = PBXSourcesBuildPhase;
			buildActionMask = 2147483647;
			files = (
				94C397FC2BC741720064A937 /* GeoStreamUITestsLaunchTests.swift in Sources */,
				94C397FA2BC741720064A937 /* GeoStreamUITests.swift in Sources */,
			);
			runOnlyForDeploymentPostprocessing = 0;
		};
/* End PBXSourcesBuildPhase section */

/* Begin PBXTargetDependency section */
		94C397ED2BC741720064A937 /* PBXTargetDependency */ = {
			isa = PBXTargetDependency;
			target = 94C397DA2BC741710064A937 /* GeoStream */;
			targetProxy = 94C397EC2BC741720064A937 /* PBXContainerItemProxy */;
		};
		94C397F72BC741720064A937 /* PBXTargetDependency */ = {
			isa = PBXTargetDependency;
			target = 94C397DA2BC741710064A937 /* GeoStream */;
			targetProxy = 94C397F62BC741720064A937 /* PBXContainerItemProxy */;
		};
/* End PBXTargetDependency section */

/* Begin XCBuildConfiguration section */
		94C397FD2BC741720064A937 /* Debug */ = {
			isa = XCBuildConfiguration;
			buildSettings = {
				ALWAYS_SEARCH_USER_PATHS = NO;
				ASSETCATALOG_COMPILER_GENERATE_SWIFT_ASSET_SYMBOL_EXTENSIONS = YES;
				CLANG_ANALYZER_NONNULL = YES;
				CLANG_ANALYZER_NUMBER_OBJECT_CONVERSION = YES_AGGRESSIVE;
				CLANG_CXX_LANGUAGE_STANDARD = "gnu++20";
				CLANG_ENABLE_MODULES = YES;
				CLANG_ENABLE_OBJC_ARC = YES;
				CLANG_ENABLE_OBJC_WEAK = YES;
				CLANG_WARN_BLOCK_CAPTURE_AUTORELEASING = YES;
				CLANG_WARN_BOOL_CONVERSION = YES;
				CLANG_WARN_COMMA = YES;
				CLANG_WARN_CONSTANT_CONVERSION = YES;
				CLANG_WARN_DEPRECATED_OBJC_IMPLEMENTATIONS = YES;
				CLANG_WARN_DIRECT_OBJC_ISA_USAGE = YES_ERROR;
				CLANG_WARN_DOCUMENTATION_COMMENTS = YES;
				CLANG_WARN_EMPTY_BODY = YES;
				CLANG_WARN_ENUM_CONVERSION = YES;
				CLANG_WARN_INFINITE_RECURSION = YES;
				CLANG_WARN_INT_CONVERSION = YES;
				CLANG_WARN_NON_LITERAL_NULL_CONVERSION = YES;
				CLANG_WARN_OBJC_IMPLICIT_RETAIN_SELF = YES;
				CLANG_WARN_OBJC_LITERAL_CONVERSION = YES;
				CLANG_WARN_OBJC_ROOT_CLASS = YES_ERROR;
				CLANG_WARN_QUOTED_INCLUDE_IN_FRAMEWORK_HEADER = YES;
				CLANG_WARN_RANGE_LOOP_ANALYSIS = YES;
				CLANG_WARN_STRICT_PROTOTYPES = YES;
				CLANG_WARN_SUSPICIOUS_MOVE = YES;
				CLANG_WARN_UNGUARDED_AVAILABILITY = YES_AGGRESSIVE;
				CLANG_WARN_UNREACHABLE_CODE = YES;
				CLANG_WARN__DUPLICATE_METHOD_MATCH = YES;
				COPY_PHASE_STRIP = NO;
				DEBUG_INFORMATION_FORMAT = dwarf;
				ENABLE_STRICT_OBJC_MSGSEND = YES;
				ENABLE_TESTABILITY = YES;
				ENABLE_USER_SCRIPT_SANDBOXING = YES;
				GCC_C_LANGUAGE_STANDARD = gnu17;
				GCC_DYNAMIC_NO_PIC = NO;
				GCC_NO_COMMON_BLOCKS = YES;
				GCC_OPTIMIZATION_LEVEL = 0;
				GCC_PREPROCESSOR_DEFINITIONS = (
					"DEBUG=1",
					"$(inherited)",
				);
				GCC_WARN_64_TO_32_BIT_CONVERSION = YES;
				GCC_WARN_ABOUT_RETURN_TYPE = YES_ERROR;
				GCC_WARN_UNDECLARED_SELECTOR = YES;
				GCC_WARN_UNINITIALIZED_AUTOS = YES_AGGRESSIVE;
				GCC_WARN_UNUSED_FUNCTION = YES;
				GCC_WARN_UNUSED_VARIABLE = YES;
				IPHONEOS_DEPLOYMENT_TARGET = 17.2;
				LOCALIZATION_PREFERS_STRING_CATALOGS = YES;
				MTL_ENABLE_DEBUG_INFO = INCLUDE_SOURCE;
				MTL_FAST_MATH = YES;
				ONLY_ACTIVE_ARCH = YES;
				SDKROOT = iphoneos;
				SWIFT_ACTIVE_COMPILATION_CONDITIONS = "DEBUG $(inherited)";
				SWIFT_OPTIMIZATION_LEVEL = "-Onone";
			};
			name = Debug;
		};
		94C397FE2BC741720064A937 /* Release */ = {
			isa = XCBuildConfiguration;
			buildSettings = {
				ALWAYS_SEARCH_USER_PATHS = NO;
				ASSETCATALOG_COMPILER_GENERATE_SWIFT_ASSET_SYMBOL_EXTENSIONS = YES;
				CLANG_ANALYZER_NONNULL = YES;
				CLANG_ANALYZER_NUMBER_OBJECT_CONVERSION = YES_AGGRESSIVE;
				CLANG_CXX_LANGUAGE_STANDARD = "gnu++20";
				CLANG_ENABLE_MODULES = YES;
				CLANG_ENABLE_OBJC_ARC = YES;
				CLANG_ENABLE_OBJC_WEAK = YES;
				CLANG_WARN_BLOCK_CAPTURE_AUTORELEASING = YES;
				CLANG_WARN_BOOL_CONVERSION = YES;
				CLANG_WARN_COMMA = YES;
				CLANG_WARN_CONSTANT_CONVERSION = YES;
				CLANG_WARN_DEPRECATED_OBJC_IMPLEMENTATIONS = YES;
				CLANG_WARN_DIRECT_OBJC_ISA_USAGE = YES_ERROR;
				CLANG_WARN_DOCUMENTATION_COMMENTS = YES;
				CLANG_WARN_EMPTY_BODY = YES;
				CLANG_WARN_ENUM_CONVERSION = YES;
				CLANG_WARN_INFINITE_RECURSION = YES;
				CLANG_WARN_INT_CONVERSION = YES;
				CLANG_WARN_NON_LITERAL_NULL_CONVERSION = YES;
				CLANG_WARN_OBJC_IMPLICIT_RETAIN_SELF = YES;
				CLANG_WARN_OBJC_LITERAL_CONVERSION = YES;
				CLANG_WARN_OBJC_ROOT_CLASS = YES_ERROR;
				CLANG_WARN_QUOTED_INCLUDE_IN_FRAMEWORK_HEADER = YES;
				CLANG_WARN_RANGE_LOOP_ANALYSIS = YES;
				CLANG_WARN_STRICT_PROTOTYPES = YES;
				CLANG_WARN_SUSPICIOUS_MOVE = YES;
				CLANG_WARN_UNGUARDED_AVAILABILITY = YES_AGGRESSIVE;
				CLANG_WARN_UNREACHABLE_CODE = YES;
				CLANG_WARN__DUPLICATE_METHOD_MATCH = YES;
				COPY_PHASE_STRIP = NO;
				DEBUG_INFORMATION_FORMAT = "dwarf-with-dsym";
				ENABLE_NS_ASSERTIONS = NO;
				ENABLE_STRICT_OBJC_MSGSEND = YES;
				ENABLE_USER_SCRIPT_SANDBOXING = YES;
				GCC_C_LANGUAGE_STANDARD = gnu17;
				GCC_NO_COMMON_BLOCKS = YES;
				GCC_WARN_64_TO_32_BIT_CONVERSION = YES;
				GCC_WARN_ABOUT_RETURN_TYPE = YES_ERROR;
				GCC_WARN_UNDECLARED_SELECTOR = YES;
				GCC_WARN_UNINITIALIZED_AUTOS = YES_AGGRESSIVE;
				GCC_WARN_UNUSED_FUNCTION = YES;
				GCC_WARN_UNUSED_VARIABLE = YES;
				IPHONEOS_DEPLOYMENT_TARGET = 17.2;
				LOCALIZATION_PREFERS_STRING_CATALOGS = YES;
				MTL_ENABLE_DEBUG_INFO = NO;
				MTL_FAST_MATH = YES;
				SDKROOT = iphoneos;
				SWIFT_COMPILATION_MODE = wholemodule;
				VALIDATE_PRODUCT = YES;
			};
			name = Release;
		};
		94C398002BC741720064A937 /* Debug */ = {
			isa = XCBuildConfiguration;
			buildSettings = {
				ASSETCATALOG_COMPILER_APPICON_NAME = AppIcon;
				ASSETCATALOG_COMPILER_GLOBAL_ACCENT_COLOR_NAME = AccentColor;
				CODE_SIGN_STYLE = Automatic;
				CURRENT_PROJECT_VERSION = 1;
				DEVELOPMENT_ASSET_PATHS = "\"GeoStream/Preview Content\"";
				ENABLE_PREVIEWS = YES;
				GENERATE_INFOPLIST_FILE = YES;
				INFOPLIST_KEY_UIApplicationSceneManifest_Generation = YES;
				INFOPLIST_KEY_UIApplicationSupportsIndirectInputEvents = YES;
				INFOPLIST_KEY_UILaunchScreen_Generation = YES;
				INFOPLIST_KEY_UISupportedInterfaceOrientations_iPad = "UIInterfaceOrientationPortrait UIInterfaceOrientationPortraitUpsideDown UIInterfaceOrientationLandscapeLeft UIInterfaceOrientationLandscapeRight";
				INFOPLIST_KEY_UISupportedInterfaceOrientations_iPhone = "UIInterfaceOrientationPortrait UIInterfaceOrientationLandscapeLeft UIInterfaceOrientationLandscapeRight";
				LD_RUNPATH_SEARCH_PATHS = (
					"$(inherited)",
					"@executable_path/Frameworks",
				);
				MARKETING_VERSION = 1.0;
				PRODUCT_BUNDLE_IDENTIFIER = ziruiwang.GeoStream;
				PRODUCT_NAME = "$(TARGET_NAME)";
				SWIFT_EMIT_LOC_STRINGS = YES;
				SWIFT_VERSION = 5.0;
				TARGETED_DEVICE_FAMILY = "1,2";
			};
			name = Debug;
		};
		94C398012BC741720064A937 /* Release */ = {
			isa = XCBuildConfiguration;
			buildSettings = {
				ASSETCATALOG_COMPILER_APPICON_NAME = AppIcon;
				ASSETCATALOG_COMPILER_GLOBAL_ACCENT_COLOR_NAME = AccentColor;
				CODE_SIGN_STYLE = Automatic;
				CURRENT_PROJECT_VERSION = 1;
				DEVELOPMENT_ASSET_PATHS = "\"GeoStream/Preview Content\"";
				ENABLE_PREVIEWS = YES;
				GENERATE_INFOPLIST_FILE = YES;
				INFOPLIST_KEY_UIApplicationSceneManifest_Generation = YES;
				INFOPLIST_KEY_UIApplicationSupportsIndirectInputEvents = YES;
				INFOPLIST_KEY_UILaunchScreen_Generation = YES;
				INFOPLIST_KEY_UISupportedInterfaceOrientations_iPad = "UIInterfaceOrientationPortrait UIInterfaceOrientationPortraitUpsideDown UIInterfaceOrientationLandscapeLeft UIInterfaceOrientationLandscapeRight";
				INFOPLIST_KEY_UISupportedInterfaceOrientations_iPhone = "UIInterfaceOrientationPortrait UIInterfaceOrientationLandscapeLeft UIInterfaceOrientationLandscapeRight";
				LD_RUNPATH_SEARCH_PATHS = (
					"$(inherited)",
					"@executable_path/Frameworks",
				);
				MARKETING_VERSION = 1.0;
				PRODUCT_BUNDLE_IDENTIFIER = ziruiwang.GeoStream;
				PRODUCT_NAME = "$(TARGET_NAME)";
				SWIFT_EMIT_LOC_STRINGS = YES;
				SWIFT_VERSION = 5.0;
				TARGETED_DEVICE_FAMILY = "1,2";
			};
			name = Release;
		};
		94C398032BC741720064A937 /* Debug */ = {
			isa = XCBuildConfiguration;
			buildSettings = {
				ALWAYS_EMBED_SWIFT_STANDARD_LIBRARIES = YES;
				BUNDLE_LOADER = "$(TEST_HOST)";
				CODE_SIGN_STYLE = Automatic;
				CURRENT_PROJECT_VERSION = 1;
				GENERATE_INFOPLIST_FILE = YES;
				IPHONEOS_DEPLOYMENT_TARGET = 17.2;
				MARKETING_VERSION = 1.0;
				PRODUCT_BUNDLE_IDENTIFIER = ziruiwang.GeoStreamTests;
				PRODUCT_NAME = "$(TARGET_NAME)";
				SWIFT_EMIT_LOC_STRINGS = NO;
				SWIFT_VERSION = 5.0;
				TARGETED_DEVICE_FAMILY = "1,2";
				TEST_HOST = "$(BUILT_PRODUCTS_DIR)/GeoStream.app/$(BUNDLE_EXECUTABLE_FOLDER_PATH)/GeoStream";
			};
			name = Debug;
		};
		94C398042BC741720064A937 /* Release */ = {
			isa = XCBuildConfiguration;
			buildSettings = {
				ALWAYS_EMBED_SWIFT_STANDARD_LIBRARIES = YES;
				BUNDLE_LOADER = "$(TEST_HOST)";
				CODE_SIGN_STYLE = Automatic;
				CURRENT_PROJECT_VERSION = 1;
				GENERATE_INFOPLIST_FILE = YES;
				IPHONEOS_DEPLOYMENT_TARGET = 17.2;
				MARKETING_VERSION = 1.0;
				PRODUCT_BUNDLE_IDENTIFIER = ziruiwang.GeoStreamTests;
				PRODUCT_NAME = "$(TARGET_NAME)";
				SWIFT_EMIT_LOC_STRINGS = NO;
				SWIFT_VERSION = 5.0;
				TARGETED_DEVICE_FAMILY = "1,2";
				TEST_HOST = "$(BUILT_PRODUCTS_DIR)/GeoStream.app/$(BUNDLE_EXECUTABLE_FOLDER_PATH)/GeoStream";
			};
			name = Release;
		};
		94C398062BC741720064A937 /* Debug */ = {
			isa = XCBuildConfiguration;
			buildSettings = {
				ALWAYS_EMBED_SWIFT_STANDARD_LIBRARIES = YES;
				CODE_SIGN_STYLE = Automatic;
				CURRENT_PROJECT_VERSION = 1;
				GENERATE_INFOPLIST_FILE = YES;
				MARKETING_VERSION = 1.0;
				PRODUCT_BUNDLE_IDENTIFIER = ziruiwang.GeoStreamUITests;
				PRODUCT_NAME = "$(TARGET_NAME)";
				SWIFT_EMIT_LOC_STRINGS = NO;
				SWIFT_VERSION = 5.0;
				TARGETED_DEVICE_FAMILY = "1,2";
				TEST_TARGET_NAME = GeoStream;
			};
			name = Debug;
		};
		94C398072BC741720064A937 /* Release */ = {
			isa = XCBuildConfiguration;
			buildSettings = {
				ALWAYS_EMBED_SWIFT_STANDARD_LIBRARIES = YES;
				CODE_SIGN_STYLE = Automatic;
				CURRENT_PROJECT_VERSION = 1;
				GENERATE_INFOPLIST_FILE = YES;
				MARKETING_VERSION = 1.0;
				PRODUCT_BUNDLE_IDENTIFIER = ziruiwang.GeoStreamUITests;
				PRODUCT_NAME = "$(TARGET_NAME)";
				SWIFT_EMIT_LOC_STRINGS = NO;
				SWIFT_VERSION = 5.0;
				TARGETED_DEVICE_FAMILY = "1,2";
				TEST_TARGET_NAME = GeoStream;
			};
			name = Release;
		};
/* End XCBuildConfiguration section */

/* Begin XCConfigurationList section */
		94C397D62BC741710064A937 /* Build configuration list for PBXProject "GeoStream" */ = {
			isa = XCConfigurationList;
			buildConfigurations = (
				94C397FD2BC741720064A937 /* Debug */,
				94C397FE2BC741720064A937 /* Release */,
			);
			defaultConfigurationIsVisible = 0;
			defaultConfigurationName = Release;
		};
		94C397FF2BC741720064A937 /* Build configuration list for PBXNativeTarget "GeoStream" */ = {
			isa = XCConfigurationList;
			buildConfigurations = (
				94C398002BC741720064A937 /* Debug */,
				94C398012BC741720064A937 /* Release */,
			);
			defaultConfigurationIsVisible = 0;
			defaultConfigurationName = Release;
		};
		94C398022BC741720064A937 /* Build configuration list for PBXNativeTarget "GeoStreamTests" */ = {
			isa = XCConfigurationList;
			buildConfigurations = (
				94C398032BC741720064A937 /* Debug */,
				94C398042BC741720064A937 /* Release */,
			);
			defaultConfigurationIsVisible = 0;
			defaultConfigurationName = Release;
		};
		94C398052BC741720064A937 /* Build configuration list for PBXNativeTarget "GeoStreamUITests" */ = {
			isa = XCConfigurationList;
			buildConfigurations = (
				94C398062BC741720064A937 /* Debug */,
				94C398072BC741720064A937 /* Release */,
			);
			defaultConfigurationIsVisible = 0;
			defaultConfigurationName = Release;
		};
/* End XCConfigurationList section */

/* Begin XCRemoteSwiftPackageReference section */
		94F73E472BDF029F00EAEB78 /* XCRemoteSwiftPackageReference "firebase-ios-sdk" */ = {
			isa = XCRemoteSwiftPackageReference;
			repositoryURL = "https://github.com/firebase/firebase-ios-sdk";
			requirement = {
				kind = upToNextMajorVersion;
				minimumVersion = 10.24.0;
			};
		};
		C914F34E2BE2879600B26DE2 /* XCRemoteSwiftPackageReference "geofire-objc" */ = {
			isa = XCRemoteSwiftPackageReference;
			repositoryURL = "https://github.com/smaldd14/geofire-objc";
			requirement = {
				branch = master;
				kind = branch;
			};
		};
/* End XCRemoteSwiftPackageReference section */

/* Begin XCSwiftPackageProductDependency section */
		94F73E4A2BDF045F00EAEB78 /* FirebaseAuth */ = {
			isa = XCSwiftPackageProductDependency;
			package = 94F73E472BDF029F00EAEB78 /* XCRemoteSwiftPackageReference "firebase-ios-sdk" */;
			productName = FirebaseAuth;
		};
		94F73E4C2BDF045F00EAEB78 /* FirebaseFirestore */ = {
			isa = XCSwiftPackageProductDependency;
			package = 94F73E472BDF029F00EAEB78 /* XCRemoteSwiftPackageReference "firebase-ios-sdk" */;
			productName = FirebaseFirestore;
		};
		94F73E4E2BDF045F00EAEB78 /* FirebaseMessaging */ = {
			isa = XCSwiftPackageProductDependency;
			package = 94F73E472BDF029F00EAEB78 /* XCRemoteSwiftPackageReference "firebase-ios-sdk" */;
			productName = FirebaseMessaging;
		};
		94F73E502BDF045F00EAEB78 /* FirebaseStorage */ = {
			isa = XCSwiftPackageProductDependency;
			package = 94F73E472BDF029F00EAEB78 /* XCRemoteSwiftPackageReference "firebase-ios-sdk" */;
			productName = FirebaseStorage;
		};
		C914F34F2BE2879600B26DE2 /* GeoFire */ = {
			isa = XCSwiftPackageProductDependency;
			package = C914F34E2BE2879600B26DE2 /* XCRemoteSwiftPackageReference "geofire-objc" */;
			productName = GeoFire;
		};
		C914F3512BE2879600B26DE2 /* GeoFireUtils */ = {
			isa = XCSwiftPackageProductDependency;
			package = C914F34E2BE2879600B26DE2 /* XCRemoteSwiftPackageReference "geofire-objc" */;
			productName = GeoFireUtils;
		};
		C99BF7112BE03D440057DB4C /* FirebaseAnalytics */ = {
			isa = XCSwiftPackageProductDependency;
			package = 94F73E472BDF029F00EAEB78 /* XCRemoteSwiftPackageReference "firebase-ios-sdk" */;
			productName = FirebaseAnalytics;
		};
		C99BF7132BE03D440057DB4C /* FirebaseAnalyticsOnDeviceConversion */ = {
			isa = XCSwiftPackageProductDependency;
			package = 94F73E472BDF029F00EAEB78 /* XCRemoteSwiftPackageReference "firebase-ios-sdk" */;
			productName = FirebaseAnalyticsOnDeviceConversion;
		};
		C99BF7152BE03D440057DB4C /* FirebaseAnalyticsSwift */ = {
			isa = XCSwiftPackageProductDependency;
			package = 94F73E472BDF029F00EAEB78 /* XCRemoteSwiftPackageReference "firebase-ios-sdk" */;
			productName = FirebaseAnalyticsSwift;
		};
		C99BF7172BE03D440057DB4C /* FirebaseAnalyticsWithoutAdIdSupport */ = {
			isa = XCSwiftPackageProductDependency;
			package = 94F73E472BDF029F00EAEB78 /* XCRemoteSwiftPackageReference "firebase-ios-sdk" */;
			productName = FirebaseAnalyticsWithoutAdIdSupport;
		};
		C99BF7192BE03D440057DB4C /* FirebaseAppCheck */ = {
			isa = XCSwiftPackageProductDependency;
			package = 94F73E472BDF029F00EAEB78 /* XCRemoteSwiftPackageReference "firebase-ios-sdk" */;
			productName = FirebaseAppCheck;
		};
/* End XCSwiftPackageProductDependency section */
	};
	rootObject = 94C397D32BC741710064A937 /* Project object */;
}
